
Microsoft Visual Studio Solution File, Format Version 12.00
# Visual Studio Version 16
VisualStudioVersion = 16.0.30413.136
MinimumVisualStudioVersion = 10.0.40219.1
Project("{FAE04EC0-301F-11D3-BF4B-00C04F79EFBC}") = "Opacidad", "Opacidad\Opacidad.csproj", "{99C5607A-90AF-4763-8F24-130F5CB86EBC}"
EndProject
Global
	GlobalSection(SolutionConfigurationPlatforms) = preSolution
		Debug|Any CPU = Debug|Any CPU
		Release|Any CPU = Release|Any CPU
	EndGlobalSection
	GlobalSection(ProjectConfigurationPlatforms) = postSolution
		{99C5607A-90AF-4763-8F24-130F5CB86EBC}.Debug|Any CPU.ActiveCfg = Debug|Any CPU
		{99C5607A-90AF-4763-8F24-130F5CB86EBC}.Debug|Any CPU.Build.0 = Debug|Any CPU
		{99C5607A-90AF-4763-8F24-130F5CB86EBC}.Release|Any CPU.ActiveCfg = Release|Any CPU
		{99C5607A-90AF-4763-8F24-130F5CB86EBC}.Release|Any CPU.Build.0 = Release|Any CPU
	EndGlobalSection
	GlobalSection(SolutionProperties) = preSolution
		HideSolutionNode = FALSE
	EndGlobalSection
	GlobalSection(ExtensibilityGlobals) = postSolution
		SolutionGuid = {8D96A0E1-F416-4FC1-BF83-CB4B955A0D4B}
	EndGlobalSection
EndGlobal
